// !$*UTF8*$!
{
	archiveVersion = 1;
	classes = {
	};
	objectVersion = 46;
	objects = {

/* Begin PBXBuildFile section */
		0714816815749A4D00275F8B /* UIKit.framework in Frameworks */ = {isa = PBXBuildFile; fileRef = 0714816715749A4D00275F8B /* UIKit.framework */; };
		0714816A15749A4D00275F8B /* Foundation.framework in Frameworks */ = {isa = PBXBuildFile; fileRef = 0714816915749A4D00275F8B /* Foundation.framework */; };
		0714816C15749A4D00275F8B /* CoreGraphics.framework in Frameworks */ = {isa = PBXBuildFile; fileRef = 0714816B15749A4D00275F8B /* CoreGraphics.framework */; };
		0714816E15749A4D00275F8B /* CoreData.framework in Frameworks */ = {isa = PBXBuildFile; fileRef = 0714816D15749A4D00275F8B /* CoreData.framework */; };
		0714817415749A4D00275F8B /* InfoPlist.strings in Resources */ = {isa = PBXBuildFile; fileRef = 0714817215749A4D00275F8B /* InfoPlist.strings */; };
		0714817615749A4D00275F8B /* main.m in Sources */ = {isa = PBXBuildFile; fileRef = 0714817515749A4D00275F8B /* main.m */; };
		0714817A15749A4D00275F8B /* AppDelegate.m in Sources */ = {isa = PBXBuildFile; fileRef = 0714817915749A4D00275F8B /* AppDelegate.m */; };
		0714817D15749A4D00275F8B /* keybox.xcdatamodeld in Sources */ = {isa = PBXBuildFile; fileRef = 0714817B15749A4D00275F8B /* keybox.xcdatamodeld */; };
		0714818015749A4D00275F8B /* MasterViewController.m in Sources */ = {isa = PBXBuildFile; fileRef = 0714817F15749A4D00275F8B /* MasterViewController.m */; };
		0714818315749A4D00275F8B /* DetailViewController.m in Sources */ = {isa = PBXBuildFile; fileRef = 0714818215749A4D00275F8B /* DetailViewController.m */; };
		0714818615749A4D00275F8B /* MasterViewController_iPhone.xib in Resources */ = {isa = PBXBuildFile; fileRef = 0714818415749A4D00275F8B /* MasterViewController_iPhone.xib */; };
		0714818915749A4D00275F8B /* MasterViewController_iPad.xib in Resources */ = {isa = PBXBuildFile; fileRef = 0714818715749A4D00275F8B /* MasterViewController_iPad.xib */; };
		0714818C15749A4D00275F8B /* DetailViewController_iPhone.xib in Resources */ = {isa = PBXBuildFile; fileRef = 0714818A15749A4D00275F8B /* DetailViewController_iPhone.xib */; };
		0714818F15749A4D00275F8B /* DetailViewController_iPad.xib in Resources */ = {isa = PBXBuildFile; fileRef = 0714818D15749A4D00275F8B /* DetailViewController_iPad.xib */; };
		0714819715749A4D00275F8B /* SenTestingKit.framework in Frameworks */ = {isa = PBXBuildFile; fileRef = 0714819615749A4D00275F8B /* SenTestingKit.framework */; };
		0714819815749A4D00275F8B /* UIKit.framework in Frameworks */ = {isa = PBXBuildFile; fileRef = 0714816715749A4D00275F8B /* UIKit.framework */; };
		0714819915749A4D00275F8B /* Foundation.framework in Frameworks */ = {isa = PBXBuildFile; fileRef = 0714816915749A4D00275F8B /* Foundation.framework */; };
		0714819A15749A4D00275F8B /* CoreData.framework in Frameworks */ = {isa = PBXBuildFile; fileRef = 0714816D15749A4D00275F8B /* CoreData.framework */; };
		071481A215749A4D00275F8B /* InfoPlist.strings in Resources */ = {isa = PBXBuildFile; fileRef = 071481A015749A4D00275F8B /* InfoPlist.strings */; };
		071481A515749A4D00275F8B /* keyboxTests.m in Sources */ = {isa = PBXBuildFile; fileRef = 071481A415749A4D00275F8B /* keyboxTests.m */; };
/* End PBXBuildFile section */

/* Begin PBXContainerItemProxy section */
		0714819B15749A4D00275F8B /* PBXContainerItemProxy */ = {
			isa = PBXContainerItemProxy;
			containerPortal = 0714815A15749A4D00275F8B /* Project object */;
			proxyType = 1;
			remoteGlobalIDString = 0714816215749A4D00275F8B;
			remoteInfo = keybox;
		};
/* End PBXContainerItemProxy section */

/* Begin PBXFileReference section */
		0714816315749A4D00275F8B /* keybox.app */ = {isa = PBXFileReference; explicitFileType = wrapper.application; includeInIndex = 0; path = keybox.app; sourceTree = BUILT_PRODUCTS_DIR; };
		0714816715749A4D00275F8B /* UIKit.framework */ = {isa = PBXFileReference; lastKnownFileType = wrapper.framework; name = UIKit.framework; path = System/Library/Frameworks/UIKit.framework; sourceTree = SDKROOT; };
		0714816915749A4D00275F8B /* Foundation.framework */ = {isa = PBXFileReference; lastKnownFileType = wrapper.framework; name = Foundation.framework; path = System/Library/Frameworks/Foundation.framework; sourceTree = SDKROOT; };
		0714816B15749A4D00275F8B /* CoreGraphics.framework */ = {isa = PBXFileReference; lastKnownFileType = wrapper.framework; name = CoreGraphics.framework; path = System/Library/Frameworks/CoreGraphics.framework; sourceTree = SDKROOT; };
		0714816D15749A4D00275F8B /* CoreData.framework */ = {isa = PBXFileReference; lastKnownFileType = wrapper.framework; name = CoreData.framework; path = System/Library/Frameworks/CoreData.framework; sourceTree = SDKROOT; };
		0714817115749A4D00275F8B /* keybox-Info.plist */ = {isa = PBXFileReference; path = "keybox-Info.plist"; sourceTree = "<group>"; };
		0714817315749A4D00275F8B /* en */ = {isa = PBXFileReference; lastKnownFileType = text.plist.strings; name = en; path = en.lproj/InfoPlist.strings; sourceTree = "<group>"; };
		0714817515749A4D00275F8B /* main.m */ = {isa = PBXFileReference; lastKnownFileType = sourcecode.c.objc; path = main.m; sourceTree = "<group>"; };
		0714817715749A4D00275F8B /* keybox-Prefix.pch */ = {isa = PBXFileReference; path = "keybox-Prefix.pch"; sourceTree = "<group>"; };
		0714817815749A4D00275F8B /* AppDelegate.h */ = {isa = PBXFileReference; path = AppDelegate.h; sourceTree = "<group>"; };
		0714817915749A4D00275F8B /* AppDelegate.m */ = {isa = PBXFileReference; lastKnownFileType = sourcecode.c.objc; path = AppDelegate.m; sourceTree = "<group>"; };
		0714817C15749A4D00275F8B /* keybox.xcdatamodel */ = {isa = PBXFileReference; lastKnownFileType = wrapper.xcdatamodel; path = keybox.xcdatamodel; sourceTree = "<group>"; };
		0714817E15749A4D00275F8B /* MasterViewController.h */ = {isa = PBXFileReference; path = MasterViewController.h; sourceTree = "<group>"; };
		0714817F15749A4D00275F8B /* MasterViewController.m */ = {isa = PBXFileReference; lastKnownFileType = sourcecode.c.objc; path = MasterViewController.m; sourceTree = "<group>"; };
		0714818115749A4D00275F8B /* DetailViewController.h */ = {isa = PBXFileReference; path = DetailViewController.h; sourceTree = "<group>"; };
		0714818215749A4D00275F8B /* DetailViewController.m */ = {isa = PBXFileReference; lastKnownFileType = sourcecode.c.objc; path = DetailViewController.m; sourceTree = "<group>"; };
		0714818515749A4D00275F8B /* en */ = {isa = PBXFileReference; lastKnownFileType = file.xib; name = en; path = en.lproj/MasterViewController_iPhone.xib; sourceTree = "<group>"; };
		0714818815749A4D00275F8B /* en */ = {isa = PBXFileReference; lastKnownFileType = file.xib; name = en; path = en.lproj/MasterViewController_iPad.xib; sourceTree = "<group>"; };
		0714818B15749A4D00275F8B /* en */ = {isa = PBXFileReference; lastKnownFileType = file.xib; name = en; path = en.lproj/DetailViewController_iPhone.xib; sourceTree = "<group>"; };
		0714818E15749A4D00275F8B /* en */ = {isa = PBXFileReference; lastKnownFileType = file.xib; name = en; path = en.lproj/DetailViewController_iPad.xib; sourceTree = "<group>"; };
		0714819515749A4D00275F8B /* keyboxTests.octest */ = {isa = PBXFileReference; explicitFileType = wrapper.cfbundle; includeInIndex = 0; path = keyboxTests.octest; sourceTree = BUILT_PRODUCTS_DIR; };
		0714819615749A4D00275F8B /* SenTestingKit.framework */ = {isa = PBXFileReference; lastKnownFileType = wrapper.framework; name = SenTestingKit.framework; path = Library/Frameworks/SenTestingKit.framework; sourceTree = DEVELOPER_DIR; };
		0714819F15749A4D00275F8B /* keyboxTests-Info.plist */ = {isa = PBXFileReference; path = "keyboxTests-Info.plist"; sourceTree = "<group>"; };
		071481A115749A4D00275F8B /* en */ = {isa = PBXFileReference; lastKnownFileType = text.plist.strings; name = en; path = en.lproj/InfoPlist.strings; sourceTree = "<group>"; };
		071481A315749A4D00275F8B /* keyboxTests.h */ = {isa = PBXFileReference; path = keyboxTests.h; sourceTree = "<group>"; };
		071481A415749A4D00275F8B /* keyboxTests.m */ = {isa = PBXFileReference; lastKnownFileType = sourcecode.c.objc; path = keyboxTests.m; sourceTree = "<group>"; };
/* End PBXFileReference section */

/* Begin PBXFrameworksBuildPhase section */
		0714816015749A4D00275F8B /* Frameworks */ = {
			isa = PBXFrameworksBuildPhase;
			buildActionMask = 2147483647;
			files = (
				0714816815749A4D00275F8B /* UIKit.framework in Frameworks */,
				0714816A15749A4D00275F8B /* Foundation.framework in Frameworks */,
				0714816C15749A4D00275F8B /* CoreGraphics.framework in Frameworks */,
				0714816E15749A4D00275F8B /* CoreData.framework in Frameworks */,
			);
			runOnlyForDeploymentPostprocessing = 0;
		};
		0714819115749A4D00275F8B /* Frameworks */ = {
			isa = PBXFrameworksBuildPhase;
			buildActionMask = 2147483647;
			files = (
				0714819715749A4D00275F8B /* SenTestingKit.framework in Frameworks */,
				0714819815749A4D00275F8B /* UIKit.framework in Frameworks */,
				0714819915749A4D00275F8B /* Foundation.framework in Frameworks */,
				0714819A15749A4D00275F8B /* CoreData.framework in Frameworks */,
			);
			runOnlyForDeploymentPostprocessing = 0;
		};
/* End PBXFrameworksBuildPhase section */

/* Begin PBXGroup section */
		0714815815749A4D00275F8B = {
			isa = PBXGroup;
			children = (
				0714816F15749A4D00275F8B /* keybox */,
				0714819D15749A4D00275F8B /* keyboxTests */,
				0714816615749A4D00275F8B /* Frameworks */,
				0714816415749A4D00275F8B /* Products */,
			);
			sourceTree = "<group>";
		};
		0714816415749A4D00275F8B /* Products */ = {
			isa = PBXGroup;
			children = (
				0714816315749A4D00275F8B /* keybox.app */,
				0714819515749A4D00275F8B /* keyboxTests.octest */,
			);
			name = Products;
			sourceTree = "<group>";
		};
		0714816615749A4D00275F8B /* Frameworks */ = {
			isa = PBXGroup;
			children = (
				0714816715749A4D00275F8B /* UIKit.framework */,
				0714816915749A4D00275F8B /* Foundation.framework */,
				0714816B15749A4D00275F8B /* CoreGraphics.framework */,
				0714816D15749A4D00275F8B /* CoreData.framework */,
				0714819615749A4D00275F8B /* SenTestingKit.framework */,
			);
			name = Frameworks;
			sourceTree = "<group>";
		};
		0714816F15749A4D00275F8B /* keybox */ = {
			isa = PBXGroup;
			children = (
				0714817815749A4D00275F8B /* AppDelegate.h */,
				0714817915749A4D00275F8B /* AppDelegate.m */,
				0714817E15749A4D00275F8B /* MasterViewController.h */,
				0714817F15749A4D00275F8B /* MasterViewController.m */,
				0714818115749A4D00275F8B /* DetailViewController.h */,
				0714818215749A4D00275F8B /* DetailViewController.m */,
				0714818415749A4D00275F8B /* MasterViewController_iPhone.xib */,
				0714818715749A4D00275F8B /* MasterViewController_iPad.xib */,
				0714818A15749A4D00275F8B /* DetailViewController_iPhone.xib */,
				0714818D15749A4D00275F8B /* DetailViewController_iPad.xib */,
				0714817B15749A4D00275F8B /* keybox.xcdatamodeld */,
				0714817015749A4D00275F8B /* Supporting Files */,
			);
			path = keybox;
			sourceTree = "<group>";
		};
		0714817015749A4D00275F8B /* Supporting Files */ = {
			isa = PBXGroup;
			children = (
				0714817115749A4D00275F8B /* keybox-Info.plist */,
				0714817215749A4D00275F8B /* InfoPlist.strings */,
				0714817515749A4D00275F8B /* main.m */,
				0714817715749A4D00275F8B /* keybox-Prefix.pch */,
			);
			name = "Supporting Files";
			sourceTree = "<group>";
		};
		0714819D15749A4D00275F8B /* keyboxTests */ = {
			isa = PBXGroup;
			children = (
				071481A315749A4D00275F8B /* keyboxTests.h */,
				071481A415749A4D00275F8B /* keyboxTests.m */,
				0714819E15749A4D00275F8B /* Supporting Files */,
			);
			path = keyboxTests;
			sourceTree = "<group>";
		};
		0714819E15749A4D00275F8B /* Supporting Files */ = {
			isa = PBXGroup;
			children = (
				0714819F15749A4D00275F8B /* keyboxTests-Info.plist */,
				071481A015749A4D00275F8B /* InfoPlist.strings */,
			);
			name = "Supporting Files";
			sourceTree = "<group>";
		};
/* End PBXGroup section */

/* Begin PBXNativeTarget section */
		0714816215749A4D00275F8B /* keybox */ = {
			isa = PBXNativeTarget;
			buildConfigurationList = 071481A815749A4D00275F8B /* Build configuration list for PBXNativeTarget "keybox" */;
			buildPhases = (
				0714815F15749A4D00275F8B /* Sources */,
				0714816015749A4D00275F8B /* Frameworks */,
				0714816115749A4D00275F8B /* Resources */,
			);
			buildRules = (
			);
			dependencies = (
			);
			name = keybox;
			productName = keybox;
			productReference = 0714816315749A4D00275F8B /* keybox.app */;
			productType = "com.apple.product-type.application";
		};
		0714819415749A4D00275F8B /* keyboxTests */ = {
			isa = PBXNativeTarget;
			buildConfigurationList = 071481AB15749A4D00275F8B /* Build configuration list for PBXNativeTarget "keyboxTests" */;
			buildPhases = (
				0714819015749A4D00275F8B /* Sources */,
				0714819115749A4D00275F8B /* Frameworks */,
				0714819215749A4D00275F8B /* Resources */,
				0714819315749A4D00275F8B /* ShellScript */,
			);
			buildRules = (
			);
			dependencies = (
				0714819C15749A4D00275F8B /* PBXTargetDependency */,
			);
			name = keyboxTests;
			productName = keyboxTests;
			productReference = 0714819515749A4D00275F8B /* keyboxTests.octest */;
			productType = "com.apple.product-type.bundle";
		};
/* End PBXNativeTarget section */

/* Begin PBXProject section */
		0714815A15749A4D00275F8B /* Project object */ = {
			isa = PBXProject;
			attributes = {
				LastUpgradeCheck = 0430;
			};
			buildConfigurationList = 0714815D15749A4D00275F8B /* Build configuration list for PBXProject "keybox" */;
			compatibilityVersion = "Xcode 3.2";
			developmentRegion = English;
			hasScannedForEncodings = 0;
			knownRegions = (
				en,
			);
			mainGroup = 0714815815749A4D00275F8B;
			productRefGroup = 0714816415749A4D00275F8B /* Products */;
			projectDirPath = "";
			projectRoot = "";
			targets = (
				0714816215749A4D00275F8B /* keybox */,
				0714819415749A4D00275F8B /* keyboxTests */,
			);
		};
/* End PBXProject section */

/* Begin PBXResourcesBuildPhase section */
		0714816115749A4D00275F8B /* Resources */ = {
			isa = PBXResourcesBuildPhase;
			buildActionMask = 2147483647;
			files = (
				0714817415749A4D00275F8B /* InfoPlist.strings in Resources */,
				0714818615749A4D00275F8B /* MasterViewController_iPhone.xib in Resources */,
				0714818915749A4D00275F8B /* MasterViewController_iPad.xib in Resources */,
				0714818C15749A4D00275F8B /* DetailViewController_iPhone.xib in Resources */,
				0714818F15749A4D00275F8B /* DetailViewController_iPad.xib in Resources */,
			);
			runOnlyForDeploymentPostprocessing = 0;
		};
		0714819215749A4D00275F8B /* Resources */ = {
			isa = PBXResourcesBuildPhase;
			buildActionMask = 2147483647;
			files = (
				071481A215749A4D00275F8B /* InfoPlist.strings in Resources */,
			);
			runOnlyForDeploymentPostprocessing = 0;
		};
/* End PBXResourcesBuildPhase section */

/* Begin PBXShellScriptBuildPhase section */
		0714819315749A4D00275F8B /* ShellScript */ = {
			isa = PBXShellScriptBuildPhase;
			buildActionMask = 2147483647;
			files = (
			);
			inputPaths = (
			);
			outputPaths = (
			);
			runOnlyForDeploymentPostprocessing = 0;
			shellPath = /bin/sh;
			shellScript = "# Run the unit tests in this test bundle.\n\"${SYSTEM_DEVELOPER_DIR}/Tools/RunUnitTests\"\n";
		};
/* End PBXShellScriptBuildPhase section */

/* Begin PBXSourcesBuildPhase section */
		0714815F15749A4D00275F8B /* Sources */ = {
			isa = PBXSourcesBuildPhase;
			buildActionMask = 2147483647;
			files = (
				0714817615749A4D00275F8B /* main.m in Sources */,
				0714817A15749A4D00275F8B /* AppDelegate.m in Sources */,
				0714817D15749A4D00275F8B /* keybox.xcdatamodeld in Sources */,
				0714818015749A4D00275F8B /* MasterViewController.m in Sources */,
				0714818315749A4D00275F8B /* DetailViewController.m in Sources */,
			);
			runOnlyForDeploymentPostprocessing = 0;
		};
		0714819015749A4D00275F8B /* Sources */ = {
			isa = PBXSourcesBuildPhase;
			buildActionMask = 2147483647;
			files = (
				071481A515749A4D00275F8B /* keyboxTests.m in Sources */,
			);
			runOnlyForDeploymentPostprocessing = 0;
		};
/* End PBXSourcesBuildPhase section */

/* Begin PBXTargetDependency section */
		0714819C15749A4D00275F8B /* PBXTargetDependency */ = {
			isa = PBXTargetDependency;
			target = 0714816215749A4D00275F8B /* keybox */;
			targetProxy = 0714819B15749A4D00275F8B /* PBXContainerItemProxy */;
		};
/* End PBXTargetDependency section */

/* Begin PBXVariantGroup section */
		0714817215749A4D00275F8B /* InfoPlist.strings */ = {
			isa = PBXVariantGroup;
			children = (
				0714817315749A4D00275F8B /* en */,
			);
			name = InfoPlist.strings;
			sourceTree = "<group>";
		};
		0714818415749A4D00275F8B /* MasterViewController_iPhone.xib */ = {
			isa = PBXVariantGroup;
			children = (
				0714818515749A4D00275F8B /* en */,
			);
			name = MasterViewController_iPhone.xib;
			sourceTree = "<group>";
		};
		0714818715749A4D00275F8B /* MasterViewController_iPad.xib */ = {
			isa = PBXVariantGroup;
			children = (
				0714818815749A4D00275F8B /* en */,
			);
			name = MasterViewController_iPad.xib;
			sourceTree = "<group>";
		};
		0714818A15749A4D00275F8B /* DetailViewController_iPhone.xib */ = {
			isa = PBXVariantGroup;
			children = (
				0714818B15749A4D00275F8B /* en */,
			);
			name = DetailViewController_iPhone.xib;
			sourceTree = "<group>";
		};
		0714818D15749A4D00275F8B /* DetailViewController_iPad.xib */ = {
			isa = PBXVariantGroup;
			children = (
				0714818E15749A4D00275F8B /* en */,
			);
			name = DetailViewController_iPad.xib;
			sourceTree = "<group>";
		};
		071481A015749A4D00275F8B /* InfoPlist.strings */ = {
			isa = PBXVariantGroup;
			children = (
				071481A115749A4D00275F8B /* en */,
			);
			name = InfoPlist.strings;
			sourceTree = "<group>";
		};
/* End PBXVariantGroup section */

/* Begin XCBuildConfiguration section */
		071481A615749A4D00275F8B /* Debug */ = {
			isa = XCBuildConfiguration;
			buildSettings = {
				ALWAYS_SEARCH_USER_PATHS = NO;
				ARCHS = "$(ARCHS_STANDARD_32_BIT)";
				CLANG_ENABLE_OBJC_ARC = YES;
				"CODE_SIGN_IDENTITY[sdk=iphoneos*]" = "iPhone Developer";
				COPY_PHASE_STRIP = NO;
				GCC_C_LANGUAGE_STANDARD = gnu99;
				GCC_DYNAMIC_NO_PIC = NO;
				GCC_OPTIMIZATION_LEVEL = 0;
				GCC_PREPROCESSOR_DEFINITIONS = (
					"DEBUG=1",
					"$(inherited)",
				);
				GCC_SYMBOLS_PRIVATE_EXTERN = NO;
				GCC_VERSION = com.apple.compilers.llvm.clang.1_0;
				GCC_WARN_ABOUT_RETURN_TYPE = YES;
				GCC_WARN_UNINITIALIZED_AUTOS = YES;
				GCC_WARN_UNUSED_VARIABLE = YES;
				IPHONEOS_DEPLOYMENT_TARGET = 5.1;
				SDKROOT = iphoneos;
				TARGETED_DEVICE_FAMILY = "1,2";
			};
			name = Debug;
		};
		071481A715749A4D00275F8B /* Release */ = {
			isa = XCBuildConfiguration;
			buildSettings = {
				ALWAYS_SEARCH_USER_PATHS = NO;
				ARCHS = "$(ARCHS_STANDARD_32_BIT)";
				CLANG_ENABLE_OBJC_ARC = YES;
				"CODE_SIGN_IDENTITY[sdk=iphoneos*]" = "iPhone Developer";
				COPY_PHASE_STRIP = YES;
				GCC_C_LANGUAGE_STANDARD = gnu99;
				GCC_VERSION = com.apple.compilers.llvm.clang.1_0;
				GCC_WARN_ABOUT_RETURN_TYPE = YES;
				GCC_WARN_UNINITIALIZED_AUTOS = YES;
				GCC_WARN_UNUSED_VARIABLE = YES;
				IPHONEOS_DEPLOYMENT_TARGET = 5.1;
				OTHER_CFLAGS = "-DNS_BLOCK_ASSERTIONS=1";
				SDKROOT = iphoneos;
				TARGETED_DEVICE_FAMILY = "1,2";
				VALIDATE_PRODUCT = YES;
			};
			name = Release;
		};
		071481A915749A4D00275F8B /* Debug */ = {
			isa = XCBuildConfiguration;
			buildSettings = {
				GCC_PRECOMPILE_PREFIX_HEADER = YES;
				GCC_PREFIX_HEADER = "keybox/keybox-Prefix.pch";
				INFOPLIST_FILE = "keybox/keybox-Info.plist";
				PRODUCT_NAME = "$(TARGET_NAME)";
				WRAPPER_EXTENSION = app;
			};
			name = Debug;
		};
		071481AA15749A4D00275F8B /* Release */ = {
			isa = XCBuildConfiguration;
			buildSettings = {
				GCC_PRECOMPILE_PREFIX_HEADER = YES;
				GCC_PREFIX_HEADER = "keybox/keybox-Prefix.pch";
				INFOPLIST_FILE = "keybox/keybox-Info.plist";
				PRODUCT_NAME = "$(TARGET_NAME)";
				WRAPPER_EXTENSION = app;
			};
			name = Release;
		};
		071481AC15749A4D00275F8B /* Debug */ = {
			isa = XCBuildConfiguration;
			buildSettings = {
				BUNDLE_LOADER = "$(BUILT_PRODUCTS_DIR)/keybox.app/keybox";
				FRAMEWORK_SEARCH_PATHS = (
					"$(SDKROOT)/Developer/Library/Frameworks",
					"$(DEVELOPER_LIBRARY_DIR)/Frameworks",
				);
				GCC_PRECOMPILE_PREFIX_HEADER = YES;
				GCC_PREFIX_HEADER = "keybox/keybox-Prefix.pch";
				INFOPLIST_FILE = "keyboxTests/keyboxTests-Info.plist";
				PRODUCT_NAME = "$(TARGET_NAME)";
				TEST_HOST = "$(BUNDLE_LOADER)";
				WRAPPER_EXTENSION = octest;
			};
			name = Debug;
		};
		071481AD15749A4D00275F8B /* Release */ = {
			isa = XCBuildConfiguration;
			buildSettings = {
				BUNDLE_LOADER = "$(BUILT_PRODUCTS_DIR)/keybox.app/keybox";
				FRAMEWORK_SEARCH_PATHS = (
					"$(SDKROOT)/Developer/Library/Frameworks",
					"$(DEVELOPER_LIBRARY_DIR)/Frameworks",
				);
				GCC_PRECOMPILE_PREFIX_HEADER = YES;
				GCC_PREFIX_HEADER = "keybox/keybox-Prefix.pch";
				INFOPLIST_FILE = "keyboxTests/keyboxTests-Info.plist";
				PRODUCT_NAME = "$(TARGET_NAME)";
				TEST_HOST = "$(BUNDLE_LOADER)";
				WRAPPER_EXTENSION = octest;
			};
			name = Release;
		};
/* End XCBuildConfiguration section */

/* Begin XCConfigurationList section */
		0714815D15749A4D00275F8B /* Build configuration list for PBXProject "keybox" */ = {
			isa = XCConfigurationList;
			buildConfigurations = (
				071481A615749A4D00275F8B /* Debug */,
				071481A715749A4D00275F8B /* Release */,
			);
			defaultConfigurationIsVisible = 0;
			defaultConfigurationName = Release;
		};
		071481A815749A4D00275F8B /* Build configuration list for PBXNativeTarget "keybox" */ = {
			isa = XCConfigurationList;
			buildConfigurations = (
				071481A915749A4D00275F8B /* Debug */,
				071481AA15749A4D00275F8B /* Release */,
			);
			defaultConfigurationIsVisible = 0;
		};
		071481AB15749A4D00275F8B /* Build configuration list for PBXNativeTarget "keyboxTests" */ = {
			isa = XCConfigurationList;
			buildConfigurations = (
				071481AC15749A4D00275F8B /* Debug */,
				071481AD15749A4D00275F8B /* Release */,
			);
			defaultConfigurationIsVisible = 0;
		};
/* End XCConfigurationList section */

/* Begin XCVersionGroup section */
		0714817B15749A4D00275F8B /* keybox.xcdatamodeld */ = {
			isa = XCVersionGroup;
			children = (
				0714817C15749A4D00275F8B /* keybox.xcdatamodel */,
			);
			currentVersion = 0714817C15749A4D00275F8B /* keybox.xcdatamodel */;
			path = keybox.xcdatamodeld;
			sourceTree = "<group>";
			versionGroupType = wrapper.xcdatamodel;
		};
/* End XCVersionGroup section */
	};
	rootObject = 0714815A15749A4D00275F8B /* Project object */;
}
